
Microsoft Visual Studio Solution File, Format Version 12.00
# Visual Studio Version 16
VisualStudioVersion = 16.0.30717.126
MinimumVisualStudioVersion = 10.0.40219.1
Project("{9A19103F-16F7-4668-BE54-9A1E7A4F7556}") = "01_HarvestingFields", "01_HarvestingFields\01_HarvestingFields.csproj", "{32ED0C45-DCB9-41C6-AA07-B519E3B6673E}"
EndProject
Project("{9A19103F-16F7-4668-BE54-9A1E7A4F7556}") = "02_BlackBoxInteger", "02_BlackBoxInteger\02_BlackBoxInteger.csproj", "{1B6AF442-21D7-4BD7-8533-8EF87A58EB60}"
EndProject
Project("{FAE04EC0-301F-11D3-BF4B-00C04F79EFBC}") = "03_BarracksWars_ANewFactory", "03_BarracksWars_ANewFactory\03_BarracksWars_ANewFactory.csproj", "{11081659-D637-4385-9A5C-A27755CAEC64}"
EndProject
Global
	GlobalSection(SolutionConfigurationPlatforms) = preSolution
		Debug|Any CPU = Debug|Any CPU
		Release|Any CPU = Release|Any CPU
	EndGlobalSection
	GlobalSection(ProjectConfigurationPlatforms) = postSolution
		{32ED0C45-DCB9-41C6-AA07-B519E3B6673E}.Debug|Any CPU.ActiveCfg = Debug|Any CPU
		{32ED0C45-DCB9-41C6-AA07-B519E3B6673E}.Debug|Any CPU.Build.0 = Debug|Any CPU
		{32ED0C45-DCB9-41C6-AA07-B519E3B6673E}.Release|Any CPU.ActiveCfg = Release|Any CPU
		{32ED0C45-DCB9-41C6-AA07-B519E3B6673E}.Release|Any CPU.Build.0 = Release|Any CPU
		{1B6AF442-21D7-4BD7-8533-8EF87A58EB60}.Debug|Any CPU.ActiveCfg = Debug|Any CPU
		{1B6AF442-21D7-4BD7-8533-8EF87A58EB60}.Debug|Any CPU.Build.0 = Debug|Any CPU
		{1B6AF442-21D7-4BD7-8533-8EF87A58EB60}.Release|Any CPU.ActiveCfg = Release|Any CPU
		{1B6AF442-21D7-4BD7-8533-8EF87A58EB60}.Release|Any CPU.Build.0 = Release|Any CPU
		{11081659-D637-4385-9A5C-A27755CAEC64}.Debug|Any CPU.ActiveCfg = Debug|Any CPU
		{11081659-D637-4385-9A5C-A27755CAEC64}.Debug|Any CPU.Build.0 = Debug|Any CPU
		{11081659-D637-4385-9A5C-A27755CAEC64}.Release|Any CPU.ActiveCfg = Release|Any CPU
		{11081659-D637-4385-9A5C-A27755CAEC64}.Release|Any CPU.Build.0 = Release|Any CPU
	EndGlobalSection
	GlobalSection(SolutionProperties) = preSolution
		HideSolutionNode = FALSE
	EndGlobalSection
	GlobalSection(ExtensibilityGlobals) = postSolution
		SolutionGuid = {3132EA0A-0953-4148-B73F-411D2F1FFEF3}
	EndGlobalSection
EndGlobal
