
Microsoft Visual Studio Solution File, Format Version 12.00
# Visual Studio Version 16
VisualStudioVersion = 16.0.30413.136
MinimumVisualStudioVersion = 10.0.40219.1
Project("{9A19103F-16F7-4668-BE54-9A1E7A4F7556}") = "01_ClassPerson", "01_ClassPerson\01_ClassPerson.csproj", "{9D63E197-7F94-4576-AE7D-1B5C2139C170}"
EndProject
Project("{9A19103F-16F7-4668-BE54-9A1E7A4F7556}") = "02_CreatingConstructors", "02_CreatingConstructors\02_CreatingConstructors.csproj", "{0EF92F90-F8B5-4B89-89DD-CD9481B20367}"
EndProject
Project("{9A19103F-16F7-4668-BE54-9A1E7A4F7556}") = "03_OldestFamilyMember", "03_OldestFamilyMember\03_OldestFamilyMember.csproj", "{D81E90A4-7EF8-4539-B4F7-F6A48B826ADE}"
EndProject
Project("{9A19103F-16F7-4668-BE54-9A1E7A4F7556}") = "04_OpinionPoll", "04_OpinionPoll\04_OpinionPoll.csproj", "{B6859476-C432-4348-9201-620711C70016}"
EndProject
Project("{9A19103F-16F7-4668-BE54-9A1E7A4F7556}") = "05_DateModifier", "05_DateModifier\05_DateModifier.csproj", "{47B9AC35-3394-487C-B271-D144AEB50DC3}"
EndProject
Project("{9A19103F-16F7-4668-BE54-9A1E7A4F7556}") = "06_CompanyRoster", "06_CompanyRoster\06_CompanyRoster.csproj", "{C5095CEC-D09A-4DF7-AB15-4E8A31230F37}"
EndProject
Project("{9A19103F-16F7-4668-BE54-9A1E7A4F7556}") = "07_SpeedRacing", "07_SpeedRacing\07_SpeedRacing.csproj", "{DFC68D5B-1677-4AFA-923B-A8C0C629C4E2}"
EndProject
Project("{9A19103F-16F7-4668-BE54-9A1E7A4F7556}") = "08_RawData", "08_RawData\08_RawData.csproj", "{60391D74-5349-41EE-B3D4-9A0707BBA8BB}"
EndProject
Project("{9A19103F-16F7-4668-BE54-9A1E7A4F7556}") = "09_RectangleIntersection", "09_RectangleIntersection\09_RectangleIntersection.csproj", "{F82C8C7E-24B6-4289-A197-E7830697B1CF}"
EndProject
Project("{9A19103F-16F7-4668-BE54-9A1E7A4F7556}") = "10_CarSalesman", "10_CarSalesman\10_CarSalesman.csproj", "{6D87395F-28D9-45E8-AB7A-E87594B2ECA4}"
EndProject
Project("{9A19103F-16F7-4668-BE54-9A1E7A4F7556}") = "11_PokemonTrainer", "11_PokemonTrainer\11_PokemonTrainer.csproj", "{A1C28AC6-19A1-4BE6-B510-8229F640E1C4}"
EndProject
Project("{9A19103F-16F7-4668-BE54-9A1E7A4F7556}") = "12_Google", "12_Google\12_Google.csproj", "{443C1D44-38B6-4768-97E2-79ADDCA9DBC8}"
EndProject
Project("{9A19103F-16F7-4668-BE54-9A1E7A4F7556}") = "13_FamilyTree", "13_FamilyTree\13_FamilyTree.csproj", "{5C48EB13-E06F-4733-A90F-BC2AAAB3EF67}"
EndProject
Project("{9A19103F-16F7-4668-BE54-9A1E7A4F7556}") = "14_CatLady", "14_CatLady\14_CatLady.csproj", "{06DD48B2-541D-4724-8CC8-401628E286DD}"
EndProject
Project("{FAE04EC0-301F-11D3-BF4B-00C04F79EFBC}") = "15_DrawingTool", "15_DrawingTool\15_DrawingTool.csproj", "{516BF88F-8BB1-45CB-BC9E-3A38772D8863}"
EndProject
Global
	GlobalSection(SolutionConfigurationPlatforms) = preSolution
		Debug|Any CPU = Debug|Any CPU
		Release|Any CPU = Release|Any CPU
	EndGlobalSection
	GlobalSection(ProjectConfigurationPlatforms) = postSolution
		{9D63E197-7F94-4576-AE7D-1B5C2139C170}.Debug|Any CPU.ActiveCfg = Debug|Any CPU
		{9D63E197-7F94-4576-AE7D-1B5C2139C170}.Debug|Any CPU.Build.0 = Debug|Any CPU
		{9D63E197-7F94-4576-AE7D-1B5C2139C170}.Release|Any CPU.ActiveCfg = Release|Any CPU
		{9D63E197-7F94-4576-AE7D-1B5C2139C170}.Release|Any CPU.Build.0 = Release|Any CPU
		{0EF92F90-F8B5-4B89-89DD-CD9481B20367}.Debug|Any CPU.ActiveCfg = Debug|Any CPU
		{0EF92F90-F8B5-4B89-89DD-CD9481B20367}.Debug|Any CPU.Build.0 = Debug|Any CPU
		{0EF92F90-F8B5-4B89-89DD-CD9481B20367}.Release|Any CPU.ActiveCfg = Release|Any CPU
		{0EF92F90-F8B5-4B89-89DD-CD9481B20367}.Release|Any CPU.Build.0 = Release|Any CPU
		{D81E90A4-7EF8-4539-B4F7-F6A48B826ADE}.Debug|Any CPU.ActiveCfg = Debug|Any CPU
		{D81E90A4-7EF8-4539-B4F7-F6A48B826ADE}.Debug|Any CPU.Build.0 = Debug|Any CPU
		{D81E90A4-7EF8-4539-B4F7-F6A48B826ADE}.Release|Any CPU.ActiveCfg = Release|Any CPU
		{D81E90A4-7EF8-4539-B4F7-F6A48B826ADE}.Release|Any CPU.Build.0 = Release|Any CPU
		{B6859476-C432-4348-9201-620711C70016}.Debug|Any CPU.ActiveCfg = Debug|Any CPU
		{B6859476-C432-4348-9201-620711C70016}.Debug|Any CPU.Build.0 = Debug|Any CPU
		{B6859476-C432-4348-9201-620711C70016}.Release|Any CPU.ActiveCfg = Release|Any CPU
		{B6859476-C432-4348-9201-620711C70016}.Release|Any CPU.Build.0 = Release|Any CPU
		{47B9AC35-3394-487C-B271-D144AEB50DC3}.Debug|Any CPU.ActiveCfg = Debug|Any CPU
		{47B9AC35-3394-487C-B271-D144AEB50DC3}.Debug|Any CPU.Build.0 = Debug|Any CPU
		{47B9AC35-3394-487C-B271-D144AEB50DC3}.Release|Any CPU.ActiveCfg = Release|Any CPU
		{47B9AC35-3394-487C-B271-D144AEB50DC3}.Release|Any CPU.Build.0 = Release|Any CPU
		{C5095CEC-D09A-4DF7-AB15-4E8A31230F37}.Debug|Any CPU.ActiveCfg = Debug|Any CPU
		{C5095CEC-D09A-4DF7-AB15-4E8A31230F37}.Debug|Any CPU.Build.0 = Debug|Any CPU
		{C5095CEC-D09A-4DF7-AB15-4E8A31230F37}.Release|Any CPU.ActiveCfg = Release|Any CPU
		{C5095CEC-D09A-4DF7-AB15-4E8A31230F37}.Release|Any CPU.Build.0 = Release|Any CPU
		{DFC68D5B-1677-4AFA-923B-A8C0C629C4E2}.Debug|Any CPU.ActiveCfg = Debug|Any CPU
		{DFC68D5B-1677-4AFA-923B-A8C0C629C4E2}.Debug|Any CPU.Build.0 = Debug|Any CPU
		{DFC68D5B-1677-4AFA-923B-A8C0C629C4E2}.Release|Any CPU.ActiveCfg = Release|Any CPU
		{DFC68D5B-1677-4AFA-923B-A8C0C629C4E2}.Release|Any CPU.Build.0 = Release|Any CPU
		{60391D74-5349-41EE-B3D4-9A0707BBA8BB}.Debug|Any CPU.ActiveCfg = Debug|Any CPU
		{60391D74-5349-41EE-B3D4-9A0707BBA8BB}.Debug|Any CPU.Build.0 = Debug|Any CPU
		{60391D74-5349-41EE-B3D4-9A0707BBA8BB}.Release|Any CPU.ActiveCfg = Release|Any CPU
		{60391D74-5349-41EE-B3D4-9A0707BBA8BB}.Release|Any CPU.Build.0 = Release|Any CPU
		{F82C8C7E-24B6-4289-A197-E7830697B1CF}.Debug|Any CPU.ActiveCfg = Debug|Any CPU
		{F82C8C7E-24B6-4289-A197-E7830697B1CF}.Debug|Any CPU.Build.0 = Debug|Any CPU
		{F82C8C7E-24B6-4289-A197-E7830697B1CF}.Release|Any CPU.ActiveCfg = Release|Any CPU
		{F82C8C7E-24B6-4289-A197-E7830697B1CF}.Release|Any CPU.Build.0 = Release|Any CPU
		{6D87395F-28D9-45E8-AB7A-E87594B2ECA4}.Debug|Any CPU.ActiveCfg = Debug|Any CPU
		{6D87395F-28D9-45E8-AB7A-E87594B2ECA4}.Debug|Any CPU.Build.0 = Debug|Any CPU
		{6D87395F-28D9-45E8-AB7A-E87594B2ECA4}.Release|Any CPU.ActiveCfg = Release|Any CPU
		{6D87395F-28D9-45E8-AB7A-E87594B2ECA4}.Release|Any CPU.Build.0 = Release|Any CPU
		{A1C28AC6-19A1-4BE6-B510-8229F640E1C4}.Debug|Any CPU.ActiveCfg = Debug|Any CPU
		{A1C28AC6-19A1-4BE6-B510-8229F640E1C4}.Debug|Any CPU.Build.0 = Debug|Any CPU
		{A1C28AC6-19A1-4BE6-B510-8229F640E1C4}.Release|Any CPU.ActiveCfg = Release|Any CPU
		{A1C28AC6-19A1-4BE6-B510-8229F640E1C4}.Release|Any CPU.Build.0 = Release|Any CPU
		{443C1D44-38B6-4768-97E2-79ADDCA9DBC8}.Debug|Any CPU.ActiveCfg = Debug|Any CPU
		{443C1D44-38B6-4768-97E2-79ADDCA9DBC8}.Debug|Any CPU.Build.0 = Debug|Any CPU
		{443C1D44-38B6-4768-97E2-79ADDCA9DBC8}.Release|Any CPU.ActiveCfg = Release|Any CPU
		{443C1D44-38B6-4768-97E2-79ADDCA9DBC8}.Release|Any CPU.Build.0 = Release|Any CPU
		{5C48EB13-E06F-4733-A90F-BC2AAAB3EF67}.Debug|Any CPU.ActiveCfg = Debug|Any CPU
		{5C48EB13-E06F-4733-A90F-BC2AAAB3EF67}.Debug|Any CPU.Build.0 = Debug|Any CPU
		{5C48EB13-E06F-4733-A90F-BC2AAAB3EF67}.Release|Any CPU.ActiveCfg = Release|Any CPU
		{5C48EB13-E06F-4733-A90F-BC2AAAB3EF67}.Release|Any CPU.Build.0 = Release|Any CPU
		{06DD48B2-541D-4724-8CC8-401628E286DD}.Debug|Any CPU.ActiveCfg = Debug|Any CPU
		{06DD48B2-541D-4724-8CC8-401628E286DD}.Debug|Any CPU.Build.0 = Debug|Any CPU
		{06DD48B2-541D-4724-8CC8-401628E286DD}.Release|Any CPU.ActiveCfg = Release|Any CPU
		{06DD48B2-541D-4724-8CC8-401628E286DD}.Release|Any CPU.Build.0 = Release|Any CPU
		{516BF88F-8BB1-45CB-BC9E-3A38772D8863}.Debug|Any CPU.ActiveCfg = Debug|Any CPU
		{516BF88F-8BB1-45CB-BC9E-3A38772D8863}.Debug|Any CPU.Build.0 = Debug|Any CPU
		{516BF88F-8BB1-45CB-BC9E-3A38772D8863}.Release|Any CPU.ActiveCfg = Release|Any CPU
		{516BF88F-8BB1-45CB-BC9E-3A38772D8863}.Release|Any CPU.Build.0 = Release|Any CPU
	EndGlobalSection
	GlobalSection(SolutionProperties) = preSolution
		HideSolutionNode = FALSE
	EndGlobalSection
	GlobalSection(ExtensibilityGlobals) = postSolution
		SolutionGuid = {35B8F18E-7E8A-419D-8C5B-873E3A97EDBA}
	EndGlobalSection
EndGlobal
