
Microsoft Visual Studio Solution File, Format Version 12.00
# Visual Studio Version 16
VisualStudioVersion = 16.0.30503.244
MinimumVisualStudioVersion = 10.0.40219.1
Project("{9A19103F-16F7-4668-BE54-9A1E7A4F7556}") = "01_Person", "01_Person\01_Person.csproj", "{91BEF273-5BB3-47C3-A82D-FB504D77D31D}"
EndProject
Project("{9A19103F-16F7-4668-BE54-9A1E7A4F7556}") = "02_BookShop", "02_BookShop\02_BookShop.csproj", "{798CFD0C-08A7-4269-B9DA-440B8DA2A915}"
EndProject
Project("{9A19103F-16F7-4668-BE54-9A1E7A4F7556}") = "03_Mankind", "03_Mankind\03_Mankind.csproj", "{18461189-F164-482B-AFC8-BECCCC494D0F}"
EndProject
Project("{9A19103F-16F7-4668-BE54-9A1E7A4F7556}") = "06_Animals", "06_Animals\06_Animals.csproj", "{DACC58EE-95DB-4982-8CA5-A4BE2977B09E}"
EndProject
Project("{9A19103F-16F7-4668-BE54-9A1E7A4F7556}") = "04_OnlineRadioDatabase", "04_OnlineRadioDatabase\04_OnlineRadioDatabase.csproj", "{49F4EEA3-0DBB-4759-A73B-242526606293}"
EndProject
Project("{FAE04EC0-301F-11D3-BF4B-00C04F79EFBC}") = "05_MordorsCruelPlan", "05_MordorsCruelPlan\05_MordorsCruelPlan.csproj", "{97ED30B7-A7E7-44DC-839D-FAD2E313345C}"
EndProject
Global
	GlobalSection(SolutionConfigurationPlatforms) = preSolution
		Debug|Any CPU = Debug|Any CPU
		Release|Any CPU = Release|Any CPU
	EndGlobalSection
	GlobalSection(ProjectConfigurationPlatforms) = postSolution
		{91BEF273-5BB3-47C3-A82D-FB504D77D31D}.Debug|Any CPU.ActiveCfg = Debug|Any CPU
		{91BEF273-5BB3-47C3-A82D-FB504D77D31D}.Debug|Any CPU.Build.0 = Debug|Any CPU
		{91BEF273-5BB3-47C3-A82D-FB504D77D31D}.Release|Any CPU.ActiveCfg = Release|Any CPU
		{91BEF273-5BB3-47C3-A82D-FB504D77D31D}.Release|Any CPU.Build.0 = Release|Any CPU
		{798CFD0C-08A7-4269-B9DA-440B8DA2A915}.Debug|Any CPU.ActiveCfg = Debug|Any CPU
		{798CFD0C-08A7-4269-B9DA-440B8DA2A915}.Debug|Any CPU.Build.0 = Debug|Any CPU
		{798CFD0C-08A7-4269-B9DA-440B8DA2A915}.Release|Any CPU.ActiveCfg = Release|Any CPU
		{798CFD0C-08A7-4269-B9DA-440B8DA2A915}.Release|Any CPU.Build.0 = Release|Any CPU
		{18461189-F164-482B-AFC8-BECCCC494D0F}.Debug|Any CPU.ActiveCfg = Debug|Any CPU
		{18461189-F164-482B-AFC8-BECCCC494D0F}.Debug|Any CPU.Build.0 = Debug|Any CPU
		{18461189-F164-482B-AFC8-BECCCC494D0F}.Release|Any CPU.ActiveCfg = Release|Any CPU
		{18461189-F164-482B-AFC8-BECCCC494D0F}.Release|Any CPU.Build.0 = Release|Any CPU
		{DACC58EE-95DB-4982-8CA5-A4BE2977B09E}.Debug|Any CPU.ActiveCfg = Debug|Any CPU
		{DACC58EE-95DB-4982-8CA5-A4BE2977B09E}.Debug|Any CPU.Build.0 = Debug|Any CPU
		{DACC58EE-95DB-4982-8CA5-A4BE2977B09E}.Release|Any CPU.ActiveCfg = Release|Any CPU
		{DACC58EE-95DB-4982-8CA5-A4BE2977B09E}.Release|Any CPU.Build.0 = Release|Any CPU
		{49F4EEA3-0DBB-4759-A73B-242526606293}.Debug|Any CPU.ActiveCfg = Debug|Any CPU
		{49F4EEA3-0DBB-4759-A73B-242526606293}.Debug|Any CPU.Build.0 = Debug|Any CPU
		{49F4EEA3-0DBB-4759-A73B-242526606293}.Release|Any CPU.ActiveCfg = Release|Any CPU
		{49F4EEA3-0DBB-4759-A73B-242526606293}.Release|Any CPU.Build.0 = Release|Any CPU
		{97ED30B7-A7E7-44DC-839D-FAD2E313345C}.Debug|Any CPU.ActiveCfg = Debug|Any CPU
		{97ED30B7-A7E7-44DC-839D-FAD2E313345C}.Debug|Any CPU.Build.0 = Debug|Any CPU
		{97ED30B7-A7E7-44DC-839D-FAD2E313345C}.Release|Any CPU.ActiveCfg = Release|Any CPU
		{97ED30B7-A7E7-44DC-839D-FAD2E313345C}.Release|Any CPU.Build.0 = Release|Any CPU
	EndGlobalSection
	GlobalSection(SolutionProperties) = preSolution
		HideSolutionNode = FALSE
	EndGlobalSection
	GlobalSection(ExtensibilityGlobals) = postSolution
		SolutionGuid = {6B702F66-497B-45F8-BAF5-B80ADC0A1D87}
	EndGlobalSection
EndGlobal
