
Microsoft Visual Studio Solution File, Format Version 12.00
# Visual Studio Version 16
VisualStudioVersion = 16.0.30717.126
MinimumVisualStudioVersion = 10.0.40219.1
Project("{9A19103F-16F7-4668-BE54-9A1E7A4F7556}") = "01_ReverseString", "01_ReverseString\01_ReverseString.csproj", "{43FF95CF-A370-4770-860A-D9F341DE1F13}"
EndProject
Project("{9A19103F-16F7-4668-BE54-9A1E7A4F7556}") = "02_FitStringIn20Chars", "02_FitStringIn20Chars\02_FitStringIn20Chars.csproj", "{25CCAFE8-FB86-4C50-915A-C61E3BF6E682}"
EndProject
Project("{9A19103F-16F7-4668-BE54-9A1E7A4F7556}") = "03_CensorYourEmailAddress", "03_CensorYourEmailAddress\03_CensorYourEmailAddress.csproj", "{5AA0B2DC-9CFE-46B7-ADF1-C5DFA4CD4F14}"
EndProject
Project("{9A19103F-16F7-4668-BE54-9A1E7A4F7556}") = "04_ExtractSentencesByKeyword", "04_ExtractSentencesByKeyword\04_ExtractSentencesByKeyword.csproj", "{5D4BA524-4B88-48CF-93E3-9D8467C64DB5}"
EndProject
Project("{9A19103F-16F7-4668-BE54-9A1E7A4F7556}") = "05_URLParser", "05_URLParser\05_URLParser.csproj", "{22AE39E6-EF58-4410-B8D6-9291B1FCD620}"
EndProject
Project("{9A19103F-16F7-4668-BE54-9A1E7A4F7556}") = "06_ ReverseTheWordsInASentence", "06_ ReverseTheWordsInASentence\06_ ReverseTheWordsInASentence.csproj", "{1086A0B5-6E23-4997-A313-D1FC1E41ECB2}"
EndProject
Project("{9A19103F-16F7-4668-BE54-9A1E7A4F7556}") = "07_ChangeToUppercase", "07_ChangeToUppercase\07_ChangeToUppercase.csproj", "{D9434575-7D46-48F6-A370-7B76B110C7B9}"
EndProject
Project("{9A19103F-16F7-4668-BE54-9A1E7A4F7556}") = "08_Palindromes", "08_Palindromes\08_Palindromes.csproj", "{21AD1BF6-6B76-422C-B0DC-96A331A70208}"
EndProject
Project("{9A19103F-16F7-4668-BE54-9A1E7A4F7556}") = "09_Capitalization", "09_Capitalization\09_Capitalization.csproj", "{D4266175-4B89-40B8-A64E-C283D8A7FE25}"
EndProject
Project("{9A19103F-16F7-4668-BE54-9A1E7A4F7556}") = "10_PalindromeIndex", "10_PalindromeIndex\10_PalindromeIndex.csproj", "{2F04D9CF-F141-4820-996B-6A2656CCB38E}"
EndProject
Project("{FAE04EC0-301F-11D3-BF4B-00C04F79EFBC}") = "11_CommonStrings", "11_CommonStrings\11_CommonStrings.csproj", "{0A7CBAC3-D3B4-47FA-8BB3-B78B2B7FBB82}"
EndProject
Project("{FAE04EC0-301F-11D3-BF4B-00C04F79EFBC}") = "12_Phonebook", "12_Phonebook\12_Phonebook.csproj", "{F3A02137-AD17-4D74-B46E-3F5F632CA31D}"
EndProject
Project("{FAE04EC0-301F-11D3-BF4B-00C04F79EFBC}") = "13_PhonebookUpgrade", "13_PhonebookUpgrade\13_PhonebookUpgrade.csproj", "{16BA7483-6ADD-482F-90C1-D116E0F0A09B}"
EndProject
Global
	GlobalSection(SolutionConfigurationPlatforms) = preSolution
		Debug|Any CPU = Debug|Any CPU
		Release|Any CPU = Release|Any CPU
	EndGlobalSection
	GlobalSection(ProjectConfigurationPlatforms) = postSolution
		{43FF95CF-A370-4770-860A-D9F341DE1F13}.Debug|Any CPU.ActiveCfg = Debug|Any CPU
		{43FF95CF-A370-4770-860A-D9F341DE1F13}.Debug|Any CPU.Build.0 = Debug|Any CPU
		{43FF95CF-A370-4770-860A-D9F341DE1F13}.Release|Any CPU.ActiveCfg = Release|Any CPU
		{43FF95CF-A370-4770-860A-D9F341DE1F13}.Release|Any CPU.Build.0 = Release|Any CPU
		{25CCAFE8-FB86-4C50-915A-C61E3BF6E682}.Debug|Any CPU.ActiveCfg = Debug|Any CPU
		{25CCAFE8-FB86-4C50-915A-C61E3BF6E682}.Debug|Any CPU.Build.0 = Debug|Any CPU
		{25CCAFE8-FB86-4C50-915A-C61E3BF6E682}.Release|Any CPU.ActiveCfg = Release|Any CPU
		{25CCAFE8-FB86-4C50-915A-C61E3BF6E682}.Release|Any CPU.Build.0 = Release|Any CPU
		{5AA0B2DC-9CFE-46B7-ADF1-C5DFA4CD4F14}.Debug|Any CPU.ActiveCfg = Debug|Any CPU
		{5AA0B2DC-9CFE-46B7-ADF1-C5DFA4CD4F14}.Debug|Any CPU.Build.0 = Debug|Any CPU
		{5AA0B2DC-9CFE-46B7-ADF1-C5DFA4CD4F14}.Release|Any CPU.ActiveCfg = Release|Any CPU
		{5AA0B2DC-9CFE-46B7-ADF1-C5DFA4CD4F14}.Release|Any CPU.Build.0 = Release|Any CPU
		{5D4BA524-4B88-48CF-93E3-9D8467C64DB5}.Debug|Any CPU.ActiveCfg = Debug|Any CPU
		{5D4BA524-4B88-48CF-93E3-9D8467C64DB5}.Debug|Any CPU.Build.0 = Debug|Any CPU
		{5D4BA524-4B88-48CF-93E3-9D8467C64DB5}.Release|Any CPU.ActiveCfg = Release|Any CPU
		{5D4BA524-4B88-48CF-93E3-9D8467C64DB5}.Release|Any CPU.Build.0 = Release|Any CPU
		{22AE39E6-EF58-4410-B8D6-9291B1FCD620}.Debug|Any CPU.ActiveCfg = Debug|Any CPU
		{22AE39E6-EF58-4410-B8D6-9291B1FCD620}.Debug|Any CPU.Build.0 = Debug|Any CPU
		{22AE39E6-EF58-4410-B8D6-9291B1FCD620}.Release|Any CPU.ActiveCfg = Release|Any CPU
		{22AE39E6-EF58-4410-B8D6-9291B1FCD620}.Release|Any CPU.Build.0 = Release|Any CPU
		{1086A0B5-6E23-4997-A313-D1FC1E41ECB2}.Debug|Any CPU.ActiveCfg = Debug|Any CPU
		{1086A0B5-6E23-4997-A313-D1FC1E41ECB2}.Debug|Any CPU.Build.0 = Debug|Any CPU
		{1086A0B5-6E23-4997-A313-D1FC1E41ECB2}.Release|Any CPU.ActiveCfg = Release|Any CPU
		{1086A0B5-6E23-4997-A313-D1FC1E41ECB2}.Release|Any CPU.Build.0 = Release|Any CPU
		{D9434575-7D46-48F6-A370-7B76B110C7B9}.Debug|Any CPU.ActiveCfg = Debug|Any CPU
		{D9434575-7D46-48F6-A370-7B76B110C7B9}.Debug|Any CPU.Build.0 = Debug|Any CPU
		{D9434575-7D46-48F6-A370-7B76B110C7B9}.Release|Any CPU.ActiveCfg = Release|Any CPU
		{D9434575-7D46-48F6-A370-7B76B110C7B9}.Release|Any CPU.Build.0 = Release|Any CPU
		{21AD1BF6-6B76-422C-B0DC-96A331A70208}.Debug|Any CPU.ActiveCfg = Debug|Any CPU
		{21AD1BF6-6B76-422C-B0DC-96A331A70208}.Debug|Any CPU.Build.0 = Debug|Any CPU
		{21AD1BF6-6B76-422C-B0DC-96A331A70208}.Release|Any CPU.ActiveCfg = Release|Any CPU
		{21AD1BF6-6B76-422C-B0DC-96A331A70208}.Release|Any CPU.Build.0 = Release|Any CPU
		{D4266175-4B89-40B8-A64E-C283D8A7FE25}.Debug|Any CPU.ActiveCfg = Debug|Any CPU
		{D4266175-4B89-40B8-A64E-C283D8A7FE25}.Debug|Any CPU.Build.0 = Debug|Any CPU
		{D4266175-4B89-40B8-A64E-C283D8A7FE25}.Release|Any CPU.ActiveCfg = Release|Any CPU
		{D4266175-4B89-40B8-A64E-C283D8A7FE25}.Release|Any CPU.Build.0 = Release|Any CPU
		{2F04D9CF-F141-4820-996B-6A2656CCB38E}.Debug|Any CPU.ActiveCfg = Debug|Any CPU
		{2F04D9CF-F141-4820-996B-6A2656CCB38E}.Debug|Any CPU.Build.0 = Debug|Any CPU
		{2F04D9CF-F141-4820-996B-6A2656CCB38E}.Release|Any CPU.ActiveCfg = Release|Any CPU
		{2F04D9CF-F141-4820-996B-6A2656CCB38E}.Release|Any CPU.Build.0 = Release|Any CPU
		{0A7CBAC3-D3B4-47FA-8BB3-B78B2B7FBB82}.Debug|Any CPU.ActiveCfg = Debug|Any CPU
		{0A7CBAC3-D3B4-47FA-8BB3-B78B2B7FBB82}.Debug|Any CPU.Build.0 = Debug|Any CPU
		{0A7CBAC3-D3B4-47FA-8BB3-B78B2B7FBB82}.Release|Any CPU.ActiveCfg = Release|Any CPU
		{0A7CBAC3-D3B4-47FA-8BB3-B78B2B7FBB82}.Release|Any CPU.Build.0 = Release|Any CPU
		{F3A02137-AD17-4D74-B46E-3F5F632CA31D}.Debug|Any CPU.ActiveCfg = Debug|Any CPU
		{F3A02137-AD17-4D74-B46E-3F5F632CA31D}.Debug|Any CPU.Build.0 = Debug|Any CPU
		{F3A02137-AD17-4D74-B46E-3F5F632CA31D}.Release|Any CPU.ActiveCfg = Release|Any CPU
		{F3A02137-AD17-4D74-B46E-3F5F632CA31D}.Release|Any CPU.Build.0 = Release|Any CPU
		{16BA7483-6ADD-482F-90C1-D116E0F0A09B}.Debug|Any CPU.ActiveCfg = Debug|Any CPU
		{16BA7483-6ADD-482F-90C1-D116E0F0A09B}.Debug|Any CPU.Build.0 = Debug|Any CPU
		{16BA7483-6ADD-482F-90C1-D116E0F0A09B}.Release|Any CPU.ActiveCfg = Release|Any CPU
		{16BA7483-6ADD-482F-90C1-D116E0F0A09B}.Release|Any CPU.Build.0 = Release|Any CPU
	EndGlobalSection
	GlobalSection(SolutionProperties) = preSolution
		HideSolutionNode = FALSE
	EndGlobalSection
	GlobalSection(ExtensibilityGlobals) = postSolution
		SolutionGuid = {A9717AD2-AEEA-4ED7-8B0C-BAC166D90B8F}
	EndGlobalSection
EndGlobal
