
Microsoft Visual Studio Solution File, Format Version 12.00
# Visual Studio Version 16
VisualStudioVersion = 16.0.30503.244
MinimumVisualStudioVersion = 10.0.40219.1
Project("{9A19103F-16F7-4668-BE54-9A1E7A4F7556}") = "01_ClassBox", "01_ClassBox\01_ClassBox.csproj", "{0CD1F149-A6F5-4758-ACA5-AD0BEBC5273D}"
EndProject
Project("{9A19103F-16F7-4668-BE54-9A1E7A4F7556}") = "02_ClassBoxDataValidation", "02_ClassBoxDataValidation\02_ClassBoxDataValidation.csproj", "{337A64FB-E3F0-4D2C-BF1B-62F99A5D085F}"
EndProject
Project("{9A19103F-16F7-4668-BE54-9A1E7A4F7556}") = "03_AnimalFarm", "03_AnimalFarm\03_AnimalFarm.csproj", "{7983F7ED-E196-4D9F-A525-2688CEC47D38}"
EndProject
Project("{9A19103F-16F7-4668-BE54-9A1E7A4F7556}") = "04_ShoppingSpree", "04_ShoppingSpree\04_ShoppingSpree.csproj", "{7FD067E8-DC01-4FCE-AD09-0DA7418B33EB}"
EndProject
Project("{FAE04EC0-301F-11D3-BF4B-00C04F79EFBC}") = "05_PizzaCalories", "05_PizzaCalories\05_PizzaCalories.csproj", "{F0C08F38-43A3-4276-988F-043D1DA724E0}"
EndProject
Global
	GlobalSection(SolutionConfigurationPlatforms) = preSolution
		Debug|Any CPU = Debug|Any CPU
		Release|Any CPU = Release|Any CPU
	EndGlobalSection
	GlobalSection(ProjectConfigurationPlatforms) = postSolution
		{0CD1F149-A6F5-4758-ACA5-AD0BEBC5273D}.Debug|Any CPU.ActiveCfg = Debug|Any CPU
		{0CD1F149-A6F5-4758-ACA5-AD0BEBC5273D}.Debug|Any CPU.Build.0 = Debug|Any CPU
		{0CD1F149-A6F5-4758-ACA5-AD0BEBC5273D}.Release|Any CPU.ActiveCfg = Release|Any CPU
		{0CD1F149-A6F5-4758-ACA5-AD0BEBC5273D}.Release|Any CPU.Build.0 = Release|Any CPU
		{337A64FB-E3F0-4D2C-BF1B-62F99A5D085F}.Debug|Any CPU.ActiveCfg = Debug|Any CPU
		{337A64FB-E3F0-4D2C-BF1B-62F99A5D085F}.Debug|Any CPU.Build.0 = Debug|Any CPU
		{337A64FB-E3F0-4D2C-BF1B-62F99A5D085F}.Release|Any CPU.ActiveCfg = Release|Any CPU
		{337A64FB-E3F0-4D2C-BF1B-62F99A5D085F}.Release|Any CPU.Build.0 = Release|Any CPU
		{7983F7ED-E196-4D9F-A525-2688CEC47D38}.Debug|Any CPU.ActiveCfg = Debug|Any CPU
		{7983F7ED-E196-4D9F-A525-2688CEC47D38}.Debug|Any CPU.Build.0 = Debug|Any CPU
		{7983F7ED-E196-4D9F-A525-2688CEC47D38}.Release|Any CPU.ActiveCfg = Release|Any CPU
		{7983F7ED-E196-4D9F-A525-2688CEC47D38}.Release|Any CPU.Build.0 = Release|Any CPU
		{7FD067E8-DC01-4FCE-AD09-0DA7418B33EB}.Debug|Any CPU.ActiveCfg = Debug|Any CPU
		{7FD067E8-DC01-4FCE-AD09-0DA7418B33EB}.Debug|Any CPU.Build.0 = Debug|Any CPU
		{7FD067E8-DC01-4FCE-AD09-0DA7418B33EB}.Release|Any CPU.ActiveCfg = Release|Any CPU
		{7FD067E8-DC01-4FCE-AD09-0DA7418B33EB}.Release|Any CPU.Build.0 = Release|Any CPU
		{F0C08F38-43A3-4276-988F-043D1DA724E0}.Debug|Any CPU.ActiveCfg = Debug|Any CPU
		{F0C08F38-43A3-4276-988F-043D1DA724E0}.Debug|Any CPU.Build.0 = Debug|Any CPU
		{F0C08F38-43A3-4276-988F-043D1DA724E0}.Release|Any CPU.ActiveCfg = Release|Any CPU
		{F0C08F38-43A3-4276-988F-043D1DA724E0}.Release|Any CPU.Build.0 = Release|Any CPU
	EndGlobalSection
	GlobalSection(SolutionProperties) = preSolution
		HideSolutionNode = FALSE
	EndGlobalSection
	GlobalSection(ExtensibilityGlobals) = postSolution
		SolutionGuid = {A4EC7138-8C86-4FF7-95AD-13445AC8B43F}
	EndGlobalSection
EndGlobal
