
Microsoft Visual Studio Solution File, Format Version 12.00
# Visual Studio Version 16
VisualStudioVersion = 16.0.30611.23
MinimumVisualStudioVersion = 10.0.40219.1
Project("{FAE04EC0-301F-11D3-BF4B-00C04F79EFBC}") = "01_DefineAnInterfaceIPerson", "01_DefineAnInterfaceIPerson\01_DefineAnInterfaceIPerson.csproj", "{702D1C94-B3C0-4A2E-BCC4-C8EB6DCD5101}"
EndProject
Project("{FAE04EC0-301F-11D3-BF4B-00C04F79EFBC}") = "02_MultipleImplementation", "02_MultipleImplementation\02_MultipleImplementation.csproj", "{B1B04C1A-0695-4557-91DC-42121B26DD79}"
EndProject
Project("{FAE04EC0-301F-11D3-BF4B-00C04F79EFBC}") = "03_Ferrari", "03_Ferrari\03_Ferrari.csproj", "{28618E63-09C6-4197-9377-7F7FED426284}"
EndProject
Global
	GlobalSection(SolutionConfigurationPlatforms) = preSolution
		Debug|Any CPU = Debug|Any CPU
		Release|Any CPU = Release|Any CPU
	EndGlobalSection
	GlobalSection(ProjectConfigurationPlatforms) = postSolution
		{702D1C94-B3C0-4A2E-BCC4-C8EB6DCD5101}.Debug|Any CPU.ActiveCfg = Debug|Any CPU
		{702D1C94-B3C0-4A2E-BCC4-C8EB6DCD5101}.Debug|Any CPU.Build.0 = Debug|Any CPU
		{702D1C94-B3C0-4A2E-BCC4-C8EB6DCD5101}.Release|Any CPU.ActiveCfg = Release|Any CPU
		{702D1C94-B3C0-4A2E-BCC4-C8EB6DCD5101}.Release|Any CPU.Build.0 = Release|Any CPU
		{B1B04C1A-0695-4557-91DC-42121B26DD79}.Debug|Any CPU.ActiveCfg = Debug|Any CPU
		{B1B04C1A-0695-4557-91DC-42121B26DD79}.Debug|Any CPU.Build.0 = Debug|Any CPU
		{B1B04C1A-0695-4557-91DC-42121B26DD79}.Release|Any CPU.ActiveCfg = Release|Any CPU
		{B1B04C1A-0695-4557-91DC-42121B26DD79}.Release|Any CPU.Build.0 = Release|Any CPU
		{28618E63-09C6-4197-9377-7F7FED426284}.Debug|Any CPU.ActiveCfg = Debug|Any CPU
		{28618E63-09C6-4197-9377-7F7FED426284}.Debug|Any CPU.Build.0 = Debug|Any CPU
		{28618E63-09C6-4197-9377-7F7FED426284}.Release|Any CPU.ActiveCfg = Release|Any CPU
		{28618E63-09C6-4197-9377-7F7FED426284}.Release|Any CPU.Build.0 = Release|Any CPU
	EndGlobalSection
	GlobalSection(SolutionProperties) = preSolution
		HideSolutionNode = FALSE
	EndGlobalSection
	GlobalSection(ExtensibilityGlobals) = postSolution
		SolutionGuid = {97D39276-0B86-4AFB-AD5D-FC6A0ADBD036}
	EndGlobalSection
EndGlobal
