
Microsoft Visual Studio Solution File, Format Version 12.00
# Visual Studio Version 16
VisualStudioVersion = 16.0.30611.23
MinimumVisualStudioVersion = 10.0.40219.1
Project("{FAE04EC0-301F-11D3-BF4B-00C04F79EFBC}") = "00_GenericBox", "00_GenericBox\00_GenericBox.csproj", "{2C6FB822-DD80-409C-BE4B-0CD61D492374}"
EndProject
Project("{FAE04EC0-301F-11D3-BF4B-00C04F79EFBC}") = "01_GenericBoxOfString", "01_GenericBoxOfString\01_GenericBoxOfString.csproj", "{4B959E2F-2B3F-4603-9724-E9477300874D}"
EndProject
Project("{FAE04EC0-301F-11D3-BF4B-00C04F79EFBC}") = "02_GenericBoxOfInteger", "02_GenericBoxOfInteger\02_GenericBoxOfInteger.csproj", "{7C3CC75D-2742-47D1-A39A-CD90434EE101}"
EndProject
Project("{FAE04EC0-301F-11D3-BF4B-00C04F79EFBC}") = "03_GenericSwapMethodStrings", "03_GenericSwapMethodStrings\03_GenericSwapMethodStrings.csproj", "{F8823276-7AFB-4E01-AE03-BB093A05A646}"
EndProject
Project("{FAE04EC0-301F-11D3-BF4B-00C04F79EFBC}") = "04_GenericSwapMethodIntegers", "04_GenericSwapMethodIntegers\04_GenericSwapMethodIntegers.csproj", "{22E2C034-035C-4617-A7D4-1100A7F88996}"
EndProject
Project("{FAE04EC0-301F-11D3-BF4B-00C04F79EFBC}") = "05_GenericCountMethodStrings", "05_GenericCountMethodStrings\05_GenericCountMethodStrings.csproj", "{A7D57220-D13D-4C0A-B326-EE693821A3C8}"
EndProject
Project("{FAE04EC0-301F-11D3-BF4B-00C04F79EFBC}") = "06_GenericCountMethodDoubles", "06_GenericCountMethodDoubles\06_GenericCountMethodDoubles.csproj", "{E00C235F-1D1C-4448-BFFB-9FA502E31713}"
EndProject
Global
	GlobalSection(SolutionConfigurationPlatforms) = preSolution
		Debug|Any CPU = Debug|Any CPU
		Release|Any CPU = Release|Any CPU
	EndGlobalSection
	GlobalSection(ProjectConfigurationPlatforms) = postSolution
		{2C6FB822-DD80-409C-BE4B-0CD61D492374}.Debug|Any CPU.ActiveCfg = Debug|Any CPU
		{2C6FB822-DD80-409C-BE4B-0CD61D492374}.Debug|Any CPU.Build.0 = Debug|Any CPU
		{2C6FB822-DD80-409C-BE4B-0CD61D492374}.Release|Any CPU.ActiveCfg = Release|Any CPU
		{2C6FB822-DD80-409C-BE4B-0CD61D492374}.Release|Any CPU.Build.0 = Release|Any CPU
		{4B959E2F-2B3F-4603-9724-E9477300874D}.Debug|Any CPU.ActiveCfg = Debug|Any CPU
		{4B959E2F-2B3F-4603-9724-E9477300874D}.Debug|Any CPU.Build.0 = Debug|Any CPU
		{4B959E2F-2B3F-4603-9724-E9477300874D}.Release|Any CPU.ActiveCfg = Release|Any CPU
		{4B959E2F-2B3F-4603-9724-E9477300874D}.Release|Any CPU.Build.0 = Release|Any CPU
		{7C3CC75D-2742-47D1-A39A-CD90434EE101}.Debug|Any CPU.ActiveCfg = Debug|Any CPU
		{7C3CC75D-2742-47D1-A39A-CD90434EE101}.Debug|Any CPU.Build.0 = Debug|Any CPU
		{7C3CC75D-2742-47D1-A39A-CD90434EE101}.Release|Any CPU.ActiveCfg = Release|Any CPU
		{7C3CC75D-2742-47D1-A39A-CD90434EE101}.Release|Any CPU.Build.0 = Release|Any CPU
		{F8823276-7AFB-4E01-AE03-BB093A05A646}.Debug|Any CPU.ActiveCfg = Debug|Any CPU
		{F8823276-7AFB-4E01-AE03-BB093A05A646}.Debug|Any CPU.Build.0 = Debug|Any CPU
		{F8823276-7AFB-4E01-AE03-BB093A05A646}.Release|Any CPU.ActiveCfg = Release|Any CPU
		{F8823276-7AFB-4E01-AE03-BB093A05A646}.Release|Any CPU.Build.0 = Release|Any CPU
		{22E2C034-035C-4617-A7D4-1100A7F88996}.Debug|Any CPU.ActiveCfg = Debug|Any CPU
		{22E2C034-035C-4617-A7D4-1100A7F88996}.Debug|Any CPU.Build.0 = Debug|Any CPU
		{22E2C034-035C-4617-A7D4-1100A7F88996}.Release|Any CPU.ActiveCfg = Release|Any CPU
		{22E2C034-035C-4617-A7D4-1100A7F88996}.Release|Any CPU.Build.0 = Release|Any CPU
		{A7D57220-D13D-4C0A-B326-EE693821A3C8}.Debug|Any CPU.ActiveCfg = Debug|Any CPU
		{A7D57220-D13D-4C0A-B326-EE693821A3C8}.Debug|Any CPU.Build.0 = Debug|Any CPU
		{A7D57220-D13D-4C0A-B326-EE693821A3C8}.Release|Any CPU.ActiveCfg = Release|Any CPU
		{A7D57220-D13D-4C0A-B326-EE693821A3C8}.Release|Any CPU.Build.0 = Release|Any CPU
		{E00C235F-1D1C-4448-BFFB-9FA502E31713}.Debug|Any CPU.ActiveCfg = Debug|Any CPU
		{E00C235F-1D1C-4448-BFFB-9FA502E31713}.Debug|Any CPU.Build.0 = Debug|Any CPU
		{E00C235F-1D1C-4448-BFFB-9FA502E31713}.Release|Any CPU.ActiveCfg = Release|Any CPU
		{E00C235F-1D1C-4448-BFFB-9FA502E31713}.Release|Any CPU.Build.0 = Release|Any CPU
	EndGlobalSection
	GlobalSection(SolutionProperties) = preSolution
		HideSolutionNode = FALSE
	EndGlobalSection
	GlobalSection(ExtensibilityGlobals) = postSolution
		SolutionGuid = {7E4503C9-02C1-47C8-98E3-BCCCEB98CABD}
	EndGlobalSection
EndGlobal
